
Microsoft Visual Studio Solution File, Format Version 12.00
# Visual Studio Version 17
VisualStudioVersion = 17.7.34221.43
MinimumVisualStudioVersion = 10.0.40219.1
Project("{FAE04EC0-301F-11D3-BF4B-00C04F79EFBC}") = "IsharpFramework", "IsharpFramework.csproj", "{7ADFF7BB-4EF0-4589-84AB-AEB959BBA508}"
EndProject
Global
	GlobalSection(SolutionConfigurationPlatforms) = preSolution
		Debug|Any CPU = Debug|Any CPU
		Release|Any CPU = Release|Any CPU
	EndGlobalSection
	GlobalSection(ProjectConfigurationPlatforms) = postSolution
		{7ADFF7BB-4EF0-4589-84AB-AEB959BBA508}.Debug|Any CPU.ActiveCfg = Debug|Any CPU
		{7ADFF7BB-4EF0-4589-84AB-AEB959BBA508}.Debug|Any CPU.Build.0 = Debug|Any CPU
		{7ADFF7BB-4EF0-4589-84AB-AEB959BBA508}.Release|Any CPU.ActiveCfg = Release|Any CPU
		{7ADFF7BB-4EF0-4589-84AB-AEB959BBA508}.Release|Any CPU.Build.0 = Release|Any CPU
	EndGlobalSection
	GlobalSection(SolutionProperties) = preSolution
		HideSolutionNode = FALSE
	EndGlobalSection
	GlobalSection(ExtensibilityGlobals) = postSolution
		SolutionGuid = {AF2C7E14-E13D-40E6-A313-5B26CEA25D7C}
	EndGlobalSection
EndGlobal
